{
    "_meta": {
        "hash": {
            "sha256": "0406cc872b57d8fd153a06643b8057dd33b20aed257b1318b8bedfba2dd3ad1c"
        },
        "pipfile-spec": 6,
        "requires": {
            "python_version": "3.9"
        },
        "sources": [
            {
                "name": "pypi",
                "url": "https://pypi.org/simple",
                "verify_ssl": true
            }
        ]
    },
    "default": {
        "torch": {
            "hashes": [
                "sha256:03e31c37711db2cd201e02de5826de875529e45a55631d317aadce2f1ed45aa8",
                "sha256:0b44601ec56f7dd44ad8afc00846051162ef9c26a8579dda0a02194327f2d55e",
                "sha256:42e115dab26f60c29e298559dbec88444175528b729ae994ec4c65d56fe267dd",
                "sha256:42f639501928caabb9d1d55ddd17f07cd694de146686c24489ab8c615c2871f2",
                "sha256:4e1b9c14cf13fd2ab8d769529050629a0e68a6fc5cb8e84b4a3cc1dd8c4fe541",
                "sha256:68104e4715a55c4bb29a85c6a8d57d820e0757da363be1ba680fa8cc5be17b52",
                "sha256:69fe2cae7c39ccadd65a123793d30e0db881f1c1927945519c5c17323131437e",
                "sha256:6cf6f54b43c0c30335428195589bd00e764a6d27f3b9ba637aaa8c11aaf93073",
                "sha256:743784ccea0dc8f2a3fe6a536bec8c4763bd82c1352f314937cb4008d4805de1",
                "sha256:8a34a2fbbaa07c921e1b203f59d3d6e00ed379f2b384445773bd14e328a5b6c8",
                "sha256:976c3f997cea38ee91a0dd3c3a42322785414748d1761ef926b789dfa97c6134",
                "sha256:9b356aea223772cd754edb4d9ecf2a025909b8615a7668ac7d5130f86e7ec421",
                "sha256:9c038662db894a23e49e385df13d47b2a777ffd56d9bcd5b832593fab0a7e286",
                "sha256:a8320ba9ad87e80ca5a6a016e46ada4d1ba0c54626e135d99b2129a4541c509d",
                "sha256:b5dbcca369800ce99ba7ae6dee3466607a66958afca3b740690d88168752abcf",
                "sha256:bfec2843daa654f04fda23ba823af03e7b6f7650a873cdb726752d0e3718dada",
                "sha256:cd26d8c5640c3a28c526d41ccdca14cf1cbca0d0f2e14e8263a7ac17194ab1d2",
                "sha256:e9c8f4a311ac29fc7e8e955cfb7733deb5dbe1bdaabf5d4af2765695824b7e0d",
                "sha256:f00c721f489089dc6364a01fd84906348fe02243d0af737f944fddb36003400d",
                "sha256:f3b52a634e62821e747e872084ab32fbcb01b7fa7dbb7471b6218279f02a178a"
            ],
            "index": "pypi",
            "version": "==1.12.1"
        },
        "typing-extensions": {
            "hashes": [
                "sha256:25642c956049920a5aa49edcdd6ab1e06d7e5d467fc00e0506c44ac86fbfca02",
                "sha256:e6d2677a32f47fc7eb2795db1dd15c1f34eff616bcaf2cfb5e997f854fa1c4a6"
            ],
            "markers": "python_full_version >= '3.7.0'",
            "version": "==4.3.0"
        }
    },
    "develop": {}
}
